PODS:
  - StickyButton (1.0.6)

DEPENDENCIES:
  - StickyButton (from `.`)

EXTERNAL SOURCES:
  StickyButton:
    :path: "."
    :target: StickyButtonExample

SPEC CHECKSUMS:
  StickyButton: 2a98b0c5382ce64443e7e51f03fc2d59aa9ce9eb

PODFILE CHECKSUM: caec10bfef7fe68f7c072edf17fca2c497f06eb3

COCOAPODS: 1.9.1
